
Microsoft Visual Studio Solution File, Format Version 12.00
# Visual Studio 15
VisualStudioVersion = 15.0.28307.421
MinimumVisualStudioVersion = 10.0.40219.1
Project("{FAE04EC0-301F-11D3-BF4B-00C04F79EFBC}") = "Exercicio1", "Exercicio1\Exercicio1.csproj", "{42A6B20A-0699-49EF-AA1E-F8A3383888D1}"
EndProject
Project("{FAE04EC0-301F-11D3-BF4B-00C04F79EFBC}") = "Exercicio2", "Exercicio2\Exercicio2.csproj", "{473C91AB-5298-426B-AD80-072D309D4236}"
EndProject
Project("{FAE04EC0-301F-11D3-BF4B-00C04F79EFBC}") = "Exercicio3", "Exercicio3\Exercicio3.csproj", "{17320B96-AB7F-454C-834D-90B501A1046C}"
EndProject
Project("{FAE04EC0-301F-11D3-BF4B-00C04F79EFBC}") = "Exercicio4", "Exercicio4\Exercicio4.csproj", "{53F56F28-A162-416E-B516-8BAA1FAED6C4}"
EndProject
Project("{FAE04EC0-301F-11D3-BF4B-00C04F79EFBC}") = "Exercicio5", "Exercicio5\Exercicio5.csproj", "{E66B15F6-AC2D-4DF5-AC8C-747458B30C71}"
EndProject
Project("{FAE04EC0-301F-11D3-BF4B-00C04F79EFBC}") = "Exercicio6", "Exercicio6\Exercicio6.csproj", "{FE86EABD-29CF-4B5E-BFD5-01039C6B1BD1}"
EndProject
Project("{FAE04EC0-301F-11D3-BF4B-00C04F79EFBC}") = "Exercicio7", "Exercicio7\Exercicio7.csproj", "{E79D1220-C4A8-46DF-AA54-B1611ECAD898}"
EndProject
Project("{FAE04EC0-301F-11D3-BF4B-00C04F79EFBC}") = "Exercicio8", "Exercicio8\Exercicio8.csproj", "{DAE15B7F-209B-458A-BF3C-F88348774A98}"
EndProject
Project("{FAE04EC0-301F-11D3-BF4B-00C04F79EFBC}") = "Exercicio9", "Exercicio9\Exercicio9.csproj", "{B5F8733F-1D2E-483A-A295-EEDF5551610E}"
EndProject
Project("{FAE04EC0-301F-11D3-BF4B-00C04F79EFBC}") = "ExercicioP10", "ExercicioP10\ExercicioP10.csproj", "{E25449EF-226D-434B-BD40-78A24FFEFEE2}"
EndProject
Project("{FAE04EC0-301F-11D3-BF4B-00C04F79EFBC}") = "ExercicioP11", "ExercicioP11\ExercicioP11.csproj", "{AE086906-314C-4712-98DB-7933F34FB7EB}"
EndProject
Project("{FAE04EC0-301F-11D3-BF4B-00C04F79EFBC}") = "ExercicioP12", "ExercicioP12\ExercicioP12.csproj", "{7D1D6960-8186-45DB-B87E-AF273DC4D100}"
EndProject
Project("{FAE04EC0-301F-11D3-BF4B-00C04F79EFBC}") = "ExercicioP13", "ExercicioP13\ExercicioP13.csproj", "{40DD5FA0-D8B2-4CD8-8E9F-3927F481AE25}"
EndProject
Project("{FAE04EC0-301F-11D3-BF4B-00C04F79EFBC}") = "ExercicioP14", "ExercicioP14\ExercicioP14.csproj", "{5043FBE2-354D-48DA-BC0B-146C433F2547}"
EndProject
Project("{FAE04EC0-301F-11D3-BF4B-00C04F79EFBC}") = "ExercicioP15", "ExercicioP15\ExercicioP15.csproj", "{9897D10C-665E-4DE7-BCB2-697BED75A7D0}"
EndProject
Project("{FAE04EC0-301F-11D3-BF4B-00C04F79EFBC}") = "ExercicioP16", "ExercicioP16\ExercicioP16.csproj", "{B5D70AF2-D7B6-4753-B654-25D631869018}"
EndProject
Project("{FAE04EC0-301F-11D3-BF4B-00C04F79EFBC}") = "ExercicioP17", "ExercicioP17\ExercicioP17.csproj", "{15222063-C579-4C29-B741-3AD61EEFE06B}"
EndProject
Project("{FAE04EC0-301F-11D3-BF4B-00C04F79EFBC}") = "ExercicioP18", "ExercicioP18\ExercicioP18.csproj", "{06B56B99-3DE6-4E56-B217-DB04DF21B614}"
EndProject
Project("{FAE04EC0-301F-11D3-BF4B-00C04F79EFBC}") = "ExercicioP19", "ExercicioP19\ExercicioP19.csproj", "{1D4BF12C-C2F1-45A0-8F3B-24C9FC8B8A96}"
EndProject
Project("{FAE04EC0-301F-11D3-BF4B-00C04F79EFBC}") = "ExercicioP20", "ExercicioP20\ExercicioP20.csproj", "{9AB9D627-98CF-489E-BCC4-1B4E9E2A92DC}"
EndProject
Project("{FAE04EC0-301F-11D3-BF4B-00C04F79EFBC}") = "ExercicioP21", "ExercicioP21\ExercicioP21.csproj", "{D1446869-FDB1-4C91-8098-48440B0B0825}"
EndProject
Project("{FAE04EC0-301F-11D3-BF4B-00C04F79EFBC}") = "ExercicioP22", "ExercicioP22\ExercicioP22.csproj", "{C9D6FFE8-14A2-4D79-86D9-72B4411157E5}"
EndProject
Project("{FAE04EC0-301F-11D3-BF4B-00C04F79EFBC}") = "ExercicioP23", "ExercicioP23\ExercicioP23.csproj", "{F7950B49-85FF-469D-A580-939DF5B49882}"
EndProject
Project("{FAE04EC0-301F-11D3-BF4B-00C04F79EFBC}") = "ExercicioP24", "ExercicioP24\ExercicioP24.csproj", "{EACD6A6A-4BDC-4D82-BE8A-879805D6D496}"
EndProject
Project("{FAE04EC0-301F-11D3-BF4B-00C04F79EFBC}") = "ExercicioP25", "ExercicioP25\ExercicioP25.csproj", "{D1FA7831-DD2B-4463-BFEE-CF5C9F9CB954}"
EndProject
Project("{FAE04EC0-301F-11D3-BF4B-00C04F79EFBC}") = "ExercicioP26", "ExercicioP26\ExercicioP26.csproj", "{F6D919B4-316A-4740-AC05-D9AE1DAC89EC}"
EndProject
Project("{FAE04EC0-301F-11D3-BF4B-00C04F79EFBC}") = "ExercicioP27", "ExercicioP27\ExercicioP27.csproj", "{E5DB4660-6F61-4C41-8246-67BB6D99F87D}"
EndProject
Project("{FAE04EC0-301F-11D3-BF4B-00C04F79EFBC}") = "ExercicioP28", "ExercicioP28\ExercicioP28.csproj", "{E728DCFF-14E4-442A-9FF9-10883D4F45B7}"
EndProject
Project("{FAE04EC0-301F-11D3-BF4B-00C04F79EFBC}") = "ExercicioP29", "ExercicioP29\ExercicioP29.csproj", "{F0335E9B-A0E4-4F17-B1C2-D83A35B2F67E}"
EndProject
Project("{FAE04EC0-301F-11D3-BF4B-00C04F79EFBC}") = "ExercicioP30", "ExercicioP30\ExercicioP30.csproj", "{925EF198-136B-40A4-8113-0FE28CC9EF14}"
EndProject
Project("{FAE04EC0-301F-11D3-BF4B-00C04F79EFBC}") = "ExercicioP31", "ExercicioP31\ExercicioP31.csproj", "{372ADD0D-F7E0-4523-8620-C9DB091952B3}"
EndProject
Project("{FAE04EC0-301F-11D3-BF4B-00C04F79EFBC}") = "ExercicioP32", "ExercicioP33\ExercicioP32.csproj", "{3F235941-BAF7-4844-A909-2DC9C3D3ACAF}"
EndProject
Project("{FAE04EC0-301F-11D3-BF4B-00C04F79EFBC}") = "ExercicioP33", "ExercicioP34\ExercicioP33.csproj", "{F856904E-77E7-4186-9CC2-FEFDE99C74EC}"
EndProject
Project("{FAE04EC0-301F-11D3-BF4B-00C04F79EFBC}") = "ExercicioP34", "ExercicioP35\ExercicioP34.csproj", "{09CAD9F7-D569-46F2-8503-D32BA9C813A6}"
EndProject
Project("{FAE04EC0-301F-11D3-BF4B-00C04F79EFBC}") = "ExercicioP35", "ExerciciosP36\ExercicioP35.csproj", "{D2DF2C47-94C0-4BE5-B7A2-15577D06BEE2}"
EndProject
Project("{FAE04EC0-301F-11D3-BF4B-00C04F79EFBC}") = "ExercicioP36", "ExercicioP37\ExercicioP36.csproj", "{179F78A1-6718-46DA-9D8E-47F12B6DB75E}"
EndProject
Project("{FAE04EC0-301F-11D3-BF4B-00C04F79EFBC}") = "ExercicioP37", "ExercicioP38\ExercicioP37.csproj", "{017B5469-1DD6-4899-9FDC-CC3BA4087DFE}"
EndProject
Project("{FAE04EC0-301F-11D3-BF4B-00C04F79EFBC}") = "ExercicioP38", "ExercicioP39\ExercicioP38.csproj", "{0BBA6C9C-AA35-4D52-84E5-429484A0CA2E}"
EndProject
Project("{FAE04EC0-301F-11D3-BF4B-00C04F79EFBC}") = "ExercicioP39", "ExercicioP40\ExercicioP39.csproj", "{1C4F4F3D-E387-4E00-B572-3E2A9555F4EE}"
EndProject
Project("{FAE04EC0-301F-11D3-BF4B-00C04F79EFBC}") = "ExercicioP40", "ExercicioP41\ExercicioP40.csproj", "{DFD3E30E-14CC-406D-8B43-27E05006A175}"
EndProject
Project("{FAE04EC0-301F-11D3-BF4B-00C04F79EFBC}") = "ExercicioP41", "ExercicioP42\ExercicioP41.csproj", "{985BDF31-9A84-44A5-B79B-C708FD3DE63E}"
EndProject
Project("{FAE04EC0-301F-11D3-BF4B-00C04F79EFBC}") = "ExercicioP42", "ExercicioP43\ExercicioP42.csproj", "{C8A07A4A-1CCE-4187-89D6-949EDEC6FFE5}"
EndProject
Project("{FAE04EC0-301F-11D3-BF4B-00C04F79EFBC}") = "ExercicioP43", "ExercicioP44\ExercicioP43.csproj", "{19683D80-6D92-4284-BFE9-F553EDE632C7}"
EndProject
Project("{FAE04EC0-301F-11D3-BF4B-00C04F79EFBC}") = "ExercicioP44", "ExercicioP45\ExercicioP44.csproj", "{40D30691-C0CD-4001-A70C-A3F536B627BC}"
EndProject
Project("{FAE04EC0-301F-11D3-BF4B-00C04F79EFBC}") = "ExercicioP45", "ExercicioP46\ExercicioP45.csproj", "{4DFA1300-C74F-4865-8E91-8330A9848DC9}"
EndProject
Project("{FAE04EC0-301F-11D3-BF4B-00C04F79EFBC}") = "ExercicioP46", "ExercicioP47\ExercicioP46.csproj", "{7726D23C-2314-4BC2-AE92-69E7FF723B30}"
EndProject
Project("{FAE04EC0-301F-11D3-BF4B-00C04F79EFBC}") = "ExercicioP47", "ExercicioP48\ExercicioP47.csproj", "{051FD139-A48B-41CC-AF8E-E31186DAE680}"
EndProject
Project("{FAE04EC0-301F-11D3-BF4B-00C04F79EFBC}") = "ExercicioP48", "ExercicioP49\ExercicioP48.csproj", "{787DD0FA-CA05-4F27-9BC3-CE3E2DDFB8B1}"
EndProject
Project("{FAE04EC0-301F-11D3-BF4B-00C04F79EFBC}") = "ExercicioP49", "ExercicioP50\ExercicioP49.csproj", "{08443605-C6A6-429E-BFAE-518F7BE965BD}"
EndProject
Project("{FAE04EC0-301F-11D3-BF4B-00C04F79EFBC}") = "ExercicioP50", "ExercicioP52\ExercicioP50.csproj", "{8CDAC369-A30C-4E43-AD8C-2A94DDC7817F}"
EndProject
Project("{FAE04EC0-301F-11D3-BF4B-00C04F79EFBC}") = "ExercicioP51", "ExercicioP54\ExercicioP51.csproj", "{28667778-6DDB-4130-8F40-EF3BC6FCF044}"
EndProject
Project("{FAE04EC0-301F-11D3-BF4B-00C04F79EFBC}") = "ExercicioP52", "ExercicioP55\ExercicioP52.csproj", "{00036CE2-6894-4D37-B1F7-1486A1676D34}"
EndProject
Global
	GlobalSection(SolutionConfigurationPlatforms) = preSolution
		Debug|Any CPU = Debug|Any CPU
		Release|Any CPU = Release|Any CPU
	EndGlobalSection
	GlobalSection(ProjectConfigurationPlatforms) = postSolution
		{42A6B20A-0699-49EF-AA1E-F8A3383888D1}.Debug|Any CPU.ActiveCfg = Debug|Any CPU
		{42A6B20A-0699-49EF-AA1E-F8A3383888D1}.Debug|Any CPU.Build.0 = Debug|Any CPU
		{42A6B20A-0699-49EF-AA1E-F8A3383888D1}.Release|Any CPU.ActiveCfg = Release|Any CPU
		{42A6B20A-0699-49EF-AA1E-F8A3383888D1}.Release|Any CPU.Build.0 = Release|Any CPU
		{473C91AB-5298-426B-AD80-072D309D4236}.Debug|Any CPU.ActiveCfg = Debug|Any CPU
		{473C91AB-5298-426B-AD80-072D309D4236}.Debug|Any CPU.Build.0 = Debug|Any CPU
		{473C91AB-5298-426B-AD80-072D309D4236}.Release|Any CPU.ActiveCfg = Release|Any CPU
		{473C91AB-5298-426B-AD80-072D309D4236}.Release|Any CPU.Build.0 = Release|Any CPU
		{17320B96-AB7F-454C-834D-90B501A1046C}.Debug|Any CPU.ActiveCfg = Debug|Any CPU
		{17320B96-AB7F-454C-834D-90B501A1046C}.Debug|Any CPU.Build.0 = Debug|Any CPU
		{17320B96-AB7F-454C-834D-90B501A1046C}.Release|Any CPU.ActiveCfg = Release|Any CPU
		{17320B96-AB7F-454C-834D-90B501A1046C}.Release|Any CPU.Build.0 = Release|Any CPU
		{53F56F28-A162-416E-B516-8BAA1FAED6C4}.Debug|Any CPU.ActiveCfg = Debug|Any CPU
		{53F56F28-A162-416E-B516-8BAA1FAED6C4}.Debug|Any CPU.Build.0 = Debug|Any CPU
		{53F56F28-A162-416E-B516-8BAA1FAED6C4}.Release|Any CPU.ActiveCfg = Release|Any CPU
		{53F56F28-A162-416E-B516-8BAA1FAED6C4}.Release|Any CPU.Build.0 = Release|Any CPU
		{E66B15F6-AC2D-4DF5-AC8C-747458B30C71}.Debug|Any CPU.ActiveCfg = Debug|Any CPU
		{E66B15F6-AC2D-4DF5-AC8C-747458B30C71}.Debug|Any CPU.Build.0 = Debug|Any CPU
		{E66B15F6-AC2D-4DF5-AC8C-747458B30C71}.Release|Any CPU.ActiveCfg = Release|Any CPU
		{E66B15F6-AC2D-4DF5-AC8C-747458B30C71}.Release|Any CPU.Build.0 = Release|Any CPU
		{FE86EABD-29CF-4B5E-BFD5-01039C6B1BD1}.Debug|Any CPU.ActiveCfg = Debug|Any CPU
		{FE86EABD-29CF-4B5E-BFD5-01039C6B1BD1}.Debug|Any CPU.Build.0 = Debug|Any CPU
		{FE86EABD-29CF-4B5E-BFD5-01039C6B1BD1}.Release|Any CPU.ActiveCfg = Release|Any CPU
		{FE86EABD-29CF-4B5E-BFD5-01039C6B1BD1}.Release|Any CPU.Build.0 = Release|Any CPU
		{E79D1220-C4A8-46DF-AA54-B1611ECAD898}.Debug|Any CPU.ActiveCfg = Debug|Any CPU
		{E79D1220-C4A8-46DF-AA54-B1611ECAD898}.Debug|Any CPU.Build.0 = Debug|Any CPU
		{E79D1220-C4A8-46DF-AA54-B1611ECAD898}.Release|Any CPU.ActiveCfg = Release|Any CPU
		{E79D1220-C4A8-46DF-AA54-B1611ECAD898}.Release|Any CPU.Build.0 = Release|Any CPU
		{DAE15B7F-209B-458A-BF3C-F88348774A98}.Debug|Any CPU.ActiveCfg = Debug|Any CPU
		{DAE15B7F-209B-458A-BF3C-F88348774A98}.Debug|Any CPU.Build.0 = Debug|Any CPU
		{DAE15B7F-209B-458A-BF3C-F88348774A98}.Release|Any CPU.ActiveCfg = Release|Any CPU
		{DAE15B7F-209B-458A-BF3C-F88348774A98}.Release|Any CPU.Build.0 = Release|Any CPU
		{B5F8733F-1D2E-483A-A295-EEDF5551610E}.Debug|Any CPU.ActiveCfg = Debug|Any CPU
		{B5F8733F-1D2E-483A-A295-EEDF5551610E}.Debug|Any CPU.Build.0 = Debug|Any CPU
		{B5F8733F-1D2E-483A-A295-EEDF5551610E}.Release|Any CPU.ActiveCfg = Release|Any CPU
		{B5F8733F-1D2E-483A-A295-EEDF5551610E}.Release|Any CPU.Build.0 = Release|Any CPU
		{E25449EF-226D-434B-BD40-78A24FFEFEE2}.Debug|Any CPU.ActiveCfg = Debug|Any CPU
		{E25449EF-226D-434B-BD40-78A24FFEFEE2}.Debug|Any CPU.Build.0 = Debug|Any CPU
		{E25449EF-226D-434B-BD40-78A24FFEFEE2}.Release|Any CPU.ActiveCfg = Release|Any CPU
		{E25449EF-226D-434B-BD40-78A24FFEFEE2}.Release|Any CPU.Build.0 = Release|Any CPU
		{AE086906-314C-4712-98DB-7933F34FB7EB}.Debug|Any CPU.ActiveCfg = Debug|Any CPU
		{AE086906-314C-4712-98DB-7933F34FB7EB}.Debug|Any CPU.Build.0 = Debug|Any CPU
		{AE086906-314C-4712-98DB-7933F34FB7EB}.Release|Any CPU.ActiveCfg = Release|Any CPU
		{AE086906-314C-4712-98DB-7933F34FB7EB}.Release|Any CPU.Build.0 = Release|Any CPU
		{7D1D6960-8186-45DB-B87E-AF273DC4D100}.Debug|Any CPU.ActiveCfg = Debug|Any CPU
		{7D1D6960-8186-45DB-B87E-AF273DC4D100}.Debug|Any CPU.Build.0 = Debug|Any CPU
		{7D1D6960-8186-45DB-B87E-AF273DC4D100}.Release|Any CPU.ActiveCfg = Release|Any CPU
		{7D1D6960-8186-45DB-B87E-AF273DC4D100}.Release|Any CPU.Build.0 = Release|Any CPU
		{40DD5FA0-D8B2-4CD8-8E9F-3927F481AE25}.Debug|Any CPU.ActiveCfg = Debug|Any CPU
		{40DD5FA0-D8B2-4CD8-8E9F-3927F481AE25}.Debug|Any CPU.Build.0 = Debug|Any CPU
		{40DD5FA0-D8B2-4CD8-8E9F-3927F481AE25}.Release|Any CPU.ActiveCfg = Release|Any CPU
		{40DD5FA0-D8B2-4CD8-8E9F-3927F481AE25}.Release|Any CPU.Build.0 = Release|Any CPU
		{5043FBE2-354D-48DA-BC0B-146C433F2547}.Debug|Any CPU.ActiveCfg = Debug|Any CPU
		{5043FBE2-354D-48DA-BC0B-146C433F2547}.Debug|Any CPU.Build.0 = Debug|Any CPU
		{5043FBE2-354D-48DA-BC0B-146C433F2547}.Release|Any CPU.ActiveCfg = Release|Any CPU
		{5043FBE2-354D-48DA-BC0B-146C433F2547}.Release|Any CPU.Build.0 = Release|Any CPU
		{9897D10C-665E-4DE7-BCB2-697BED75A7D0}.Debug|Any CPU.ActiveCfg = Debug|Any CPU
		{9897D10C-665E-4DE7-BCB2-697BED75A7D0}.Debug|Any CPU.Build.0 = Debug|Any CPU
		{9897D10C-665E-4DE7-BCB2-697BED75A7D0}.Release|Any CPU.ActiveCfg = Release|Any CPU
		{9897D10C-665E-4DE7-BCB2-697BED75A7D0}.Release|Any CPU.Build.0 = Release|Any CPU
		{B5D70AF2-D7B6-4753-B654-25D631869018}.Debug|Any CPU.ActiveCfg = Debug|Any CPU
		{B5D70AF2-D7B6-4753-B654-25D631869018}.Debug|Any CPU.Build.0 = Debug|Any CPU
		{B5D70AF2-D7B6-4753-B654-25D631869018}.Release|Any CPU.ActiveCfg = Release|Any CPU
		{B5D70AF2-D7B6-4753-B654-25D631869018}.Release|Any CPU.Build.0 = Release|Any CPU
		{15222063-C579-4C29-B741-3AD61EEFE06B}.Debug|Any CPU.ActiveCfg = Debug|Any CPU
		{15222063-C579-4C29-B741-3AD61EEFE06B}.Debug|Any CPU.Build.0 = Debug|Any CPU
		{15222063-C579-4C29-B741-3AD61EEFE06B}.Release|Any CPU.ActiveCfg = Release|Any CPU
		{15222063-C579-4C29-B741-3AD61EEFE06B}.Release|Any CPU.Build.0 = Release|Any CPU
		{06B56B99-3DE6-4E56-B217-DB04DF21B614}.Debug|Any CPU.ActiveCfg = Debug|Any CPU
		{06B56B99-3DE6-4E56-B217-DB04DF21B614}.Debug|Any CPU.Build.0 = Debug|Any CPU
		{06B56B99-3DE6-4E56-B217-DB04DF21B614}.Release|Any CPU.ActiveCfg = Release|Any CPU
		{06B56B99-3DE6-4E56-B217-DB04DF21B614}.Release|Any CPU.Build.0 = Release|Any CPU
		{1D4BF12C-C2F1-45A0-8F3B-24C9FC8B8A96}.Debug|Any CPU.ActiveCfg = Debug|Any CPU
		{1D4BF12C-C2F1-45A0-8F3B-24C9FC8B8A96}.Debug|Any CPU.Build.0 = Debug|Any CPU
		{1D4BF12C-C2F1-45A0-8F3B-24C9FC8B8A96}.Release|Any CPU.ActiveCfg = Release|Any CPU
		{1D4BF12C-C2F1-45A0-8F3B-24C9FC8B8A96}.Release|Any CPU.Build.0 = Release|Any CPU
		{9AB9D627-98CF-489E-BCC4-1B4E9E2A92DC}.Debug|Any CPU.ActiveCfg = Debug|Any CPU
		{9AB9D627-98CF-489E-BCC4-1B4E9E2A92DC}.Debug|Any CPU.Build.0 = Debug|Any CPU
		{9AB9D627-98CF-489E-BCC4-1B4E9E2A92DC}.Release|Any CPU.ActiveCfg = Release|Any CPU
		{9AB9D627-98CF-489E-BCC4-1B4E9E2A92DC}.Release|Any CPU.Build.0 = Release|Any CPU
		{D1446869-FDB1-4C91-8098-48440B0B0825}.Debug|Any CPU.ActiveCfg = Debug|Any CPU
		{D1446869-FDB1-4C91-8098-48440B0B0825}.Debug|Any CPU.Build.0 = Debug|Any CPU
		{D1446869-FDB1-4C91-8098-48440B0B0825}.Release|Any CPU.ActiveCfg = Release|Any CPU
		{D1446869-FDB1-4C91-8098-48440B0B0825}.Release|Any CPU.Build.0 = Release|Any CPU
		{C9D6FFE8-14A2-4D79-86D9-72B4411157E5}.Debug|Any CPU.ActiveCfg = Debug|Any CPU
		{C9D6FFE8-14A2-4D79-86D9-72B4411157E5}.Debug|Any CPU.Build.0 = Debug|Any CPU
		{C9D6FFE8-14A2-4D79-86D9-72B4411157E5}.Release|Any CPU.ActiveCfg = Release|Any CPU
		{C9D6FFE8-14A2-4D79-86D9-72B4411157E5}.Release|Any CPU.Build.0 = Release|Any CPU
		{F7950B49-85FF-469D-A580-939DF5B49882}.Debug|Any CPU.ActiveCfg = Debug|Any CPU
		{F7950B49-85FF-469D-A580-939DF5B49882}.Debug|Any CPU.Build.0 = Debug|Any CPU
		{F7950B49-85FF-469D-A580-939DF5B49882}.Release|Any CPU.ActiveCfg = Release|Any CPU
		{F7950B49-85FF-469D-A580-939DF5B49882}.Release|Any CPU.Build.0 = Release|Any CPU
		{EACD6A6A-4BDC-4D82-BE8A-879805D6D496}.Debug|Any CPU.ActiveCfg = Debug|Any CPU
		{EACD6A6A-4BDC-4D82-BE8A-879805D6D496}.Debug|Any CPU.Build.0 = Debug|Any CPU
		{EACD6A6A-4BDC-4D82-BE8A-879805D6D496}.Release|Any CPU.ActiveCfg = Release|Any CPU
		{EACD6A6A-4BDC-4D82-BE8A-879805D6D496}.Release|Any CPU.Build.0 = Release|Any CPU
		{D1FA7831-DD2B-4463-BFEE-CF5C9F9CB954}.Debug|Any CPU.ActiveCfg = Debug|Any CPU
		{D1FA7831-DD2B-4463-BFEE-CF5C9F9CB954}.Debug|Any CPU.Build.0 = Debug|Any CPU
		{D1FA7831-DD2B-4463-BFEE-CF5C9F9CB954}.Release|Any CPU.ActiveCfg = Release|Any CPU
		{D1FA7831-DD2B-4463-BFEE-CF5C9F9CB954}.Release|Any CPU.Build.0 = Release|Any CPU
		{F6D919B4-316A-4740-AC05-D9AE1DAC89EC}.Debug|Any CPU.ActiveCfg = Debug|Any CPU
		{F6D919B4-316A-4740-AC05-D9AE1DAC89EC}.Debug|Any CPU.Build.0 = Debug|Any CPU
		{F6D919B4-316A-4740-AC05-D9AE1DAC89EC}.Release|Any CPU.ActiveCfg = Release|Any CPU
		{F6D919B4-316A-4740-AC05-D9AE1DAC89EC}.Release|Any CPU.Build.0 = Release|Any CPU
		{E5DB4660-6F61-4C41-8246-67BB6D99F87D}.Debug|Any CPU.ActiveCfg = Debug|Any CPU
		{E5DB4660-6F61-4C41-8246-67BB6D99F87D}.Debug|Any CPU.Build.0 = Debug|Any CPU
		{E5DB4660-6F61-4C41-8246-67BB6D99F87D}.Release|Any CPU.ActiveCfg = Release|Any CPU
		{E5DB4660-6F61-4C41-8246-67BB6D99F87D}.Release|Any CPU.Build.0 = Release|Any CPU
		{E728DCFF-14E4-442A-9FF9-10883D4F45B7}.Debug|Any CPU.ActiveCfg = Debug|Any CPU
		{E728DCFF-14E4-442A-9FF9-10883D4F45B7}.Debug|Any CPU.Build.0 = Debug|Any CPU
		{E728DCFF-14E4-442A-9FF9-10883D4F45B7}.Release|Any CPU.ActiveCfg = Release|Any CPU
		{E728DCFF-14E4-442A-9FF9-10883D4F45B7}.Release|Any CPU.Build.0 = Release|Any CPU
		{F0335E9B-A0E4-4F17-B1C2-D83A35B2F67E}.Debug|Any CPU.ActiveCfg = Debug|Any CPU
		{F0335E9B-A0E4-4F17-B1C2-D83A35B2F67E}.Debug|Any CPU.Build.0 = Debug|Any CPU
		{F0335E9B-A0E4-4F17-B1C2-D83A35B2F67E}.Release|Any CPU.ActiveCfg = Release|Any CPU
		{F0335E9B-A0E4-4F17-B1C2-D83A35B2F67E}.Release|Any CPU.Build.0 = Release|Any CPU
		{925EF198-136B-40A4-8113-0FE28CC9EF14}.Debug|Any CPU.ActiveCfg = Debug|Any CPU
		{925EF198-136B-40A4-8113-0FE28CC9EF14}.Debug|Any CPU.Build.0 = Debug|Any CPU
		{925EF198-136B-40A4-8113-0FE28CC9EF14}.Release|Any CPU.ActiveCfg = Release|Any CPU
		{925EF198-136B-40A4-8113-0FE28CC9EF14}.Release|Any CPU.Build.0 = Release|Any CPU
		{372ADD0D-F7E0-4523-8620-C9DB091952B3}.Debug|Any CPU.ActiveCfg = Debug|Any CPU
		{372ADD0D-F7E0-4523-8620-C9DB091952B3}.Debug|Any CPU.Build.0 = Debug|Any CPU
		{372ADD0D-F7E0-4523-8620-C9DB091952B3}.Release|Any CPU.ActiveCfg = Release|Any CPU
		{372ADD0D-F7E0-4523-8620-C9DB091952B3}.Release|Any CPU.Build.0 = Release|Any CPU
		{3F235941-BAF7-4844-A909-2DC9C3D3ACAF}.Debug|Any CPU.ActiveCfg = Debug|Any CPU
		{3F235941-BAF7-4844-A909-2DC9C3D3ACAF}.Debug|Any CPU.Build.0 = Debug|Any CPU
		{3F235941-BAF7-4844-A909-2DC9C3D3ACAF}.Release|Any CPU.ActiveCfg = Release|Any CPU
		{3F235941-BAF7-4844-A909-2DC9C3D3ACAF}.Release|Any CPU.Build.0 = Release|Any CPU
		{F856904E-77E7-4186-9CC2-FEFDE99C74EC}.Debug|Any CPU.ActiveCfg = Debug|Any CPU
		{F856904E-77E7-4186-9CC2-FEFDE99C74EC}.Debug|Any CPU.Build.0 = Debug|Any CPU
		{F856904E-77E7-4186-9CC2-FEFDE99C74EC}.Release|Any CPU.ActiveCfg = Release|Any CPU
		{F856904E-77E7-4186-9CC2-FEFDE99C74EC}.Release|Any CPU.Build.0 = Release|Any CPU
		{09CAD9F7-D569-46F2-8503-D32BA9C813A6}.Debug|Any CPU.ActiveCfg = Debug|Any CPU
		{09CAD9F7-D569-46F2-8503-D32BA9C813A6}.Debug|Any CPU.Build.0 = Debug|Any CPU
		{09CAD9F7-D569-46F2-8503-D32BA9C813A6}.Release|Any CPU.ActiveCfg = Release|Any CPU
		{09CAD9F7-D569-46F2-8503-D32BA9C813A6}.Release|Any CPU.Build.0 = Release|Any CPU
		{D2DF2C47-94C0-4BE5-B7A2-15577D06BEE2}.Debug|Any CPU.ActiveCfg = Debug|Any CPU
		{D2DF2C47-94C0-4BE5-B7A2-15577D06BEE2}.Debug|Any CPU.Build.0 = Debug|Any CPU
		{D2DF2C47-94C0-4BE5-B7A2-15577D06BEE2}.Release|Any CPU.ActiveCfg = Release|Any CPU
		{D2DF2C47-94C0-4BE5-B7A2-15577D06BEE2}.Release|Any CPU.Build.0 = Release|Any CPU
		{179F78A1-6718-46DA-9D8E-47F12B6DB75E}.Debug|Any CPU.ActiveCfg = Debug|Any CPU
		{179F78A1-6718-46DA-9D8E-47F12B6DB75E}.Debug|Any CPU.Build.0 = Debug|Any CPU
		{179F78A1-6718-46DA-9D8E-47F12B6DB75E}.Release|Any CPU.ActiveCfg = Release|Any CPU
		{179F78A1-6718-46DA-9D8E-47F12B6DB75E}.Release|Any CPU.Build.0 = Release|Any CPU
		{017B5469-1DD6-4899-9FDC-CC3BA4087DFE}.Debug|Any CPU.ActiveCfg = Debug|Any CPU
		{017B5469-1DD6-4899-9FDC-CC3BA4087DFE}.Debug|Any CPU.Build.0 = Debug|Any CPU
		{017B5469-1DD6-4899-9FDC-CC3BA4087DFE}.Release|Any CPU.ActiveCfg = Release|Any CPU
		{017B5469-1DD6-4899-9FDC-CC3BA4087DFE}.Release|Any CPU.Build.0 = Release|Any CPU
		{0BBA6C9C-AA35-4D52-84E5-429484A0CA2E}.Debug|Any CPU.ActiveCfg = Debug|Any CPU
		{0BBA6C9C-AA35-4D52-84E5-429484A0CA2E}.Debug|Any CPU.Build.0 = Debug|Any CPU
		{0BBA6C9C-AA35-4D52-84E5-429484A0CA2E}.Release|Any CPU.ActiveCfg = Release|Any CPU
		{0BBA6C9C-AA35-4D52-84E5-429484A0CA2E}.Release|Any CPU.Build.0 = Release|Any CPU
		{1C4F4F3D-E387-4E00-B572-3E2A9555F4EE}.Debug|Any CPU.ActiveCfg = Debug|Any CPU
		{1C4F4F3D-E387-4E00-B572-3E2A9555F4EE}.Debug|Any CPU.Build.0 = Debug|Any CPU
		{1C4F4F3D-E387-4E00-B572-3E2A9555F4EE}.Release|Any CPU.ActiveCfg = Release|Any CPU
		{1C4F4F3D-E387-4E00-B572-3E2A9555F4EE}.Release|Any CPU.Build.0 = Release|Any CPU
		{DFD3E30E-14CC-406D-8B43-27E05006A175}.Debug|Any CPU.ActiveCfg = Debug|Any CPU
		{DFD3E30E-14CC-406D-8B43-27E05006A175}.Debug|Any CPU.Build.0 = Debug|Any CPU
		{DFD3E30E-14CC-406D-8B43-27E05006A175}.Release|Any CPU.ActiveCfg = Release|Any CPU
		{DFD3E30E-14CC-406D-8B43-27E05006A175}.Release|Any CPU.Build.0 = Release|Any CPU
		{985BDF31-9A84-44A5-B79B-C708FD3DE63E}.Debug|Any CPU.ActiveCfg = Debug|Any CPU
		{985BDF31-9A84-44A5-B79B-C708FD3DE63E}.Debug|Any CPU.Build.0 = Debug|Any CPU
		{985BDF31-9A84-44A5-B79B-C708FD3DE63E}.Release|Any CPU.ActiveCfg = Release|Any CPU
		{985BDF31-9A84-44A5-B79B-C708FD3DE63E}.Release|Any CPU.Build.0 = Release|Any CPU
		{C8A07A4A-1CCE-4187-89D6-949EDEC6FFE5}.Debug|Any CPU.ActiveCfg = Debug|Any CPU
		{C8A07A4A-1CCE-4187-89D6-949EDEC6FFE5}.Debug|Any CPU.Build.0 = Debug|Any CPU
		{C8A07A4A-1CCE-4187-89D6-949EDEC6FFE5}.Release|Any CPU.ActiveCfg = Release|Any CPU
		{C8A07A4A-1CCE-4187-89D6-949EDEC6FFE5}.Release|Any CPU.Build.0 = Release|Any CPU
		{19683D80-6D92-4284-BFE9-F553EDE632C7}.Debug|Any CPU.ActiveCfg = Debug|Any CPU
		{19683D80-6D92-4284-BFE9-F553EDE632C7}.Debug|Any CPU.Build.0 = Debug|Any CPU
		{19683D80-6D92-4284-BFE9-F553EDE632C7}.Release|Any CPU.ActiveCfg = Release|Any CPU
		{19683D80-6D92-4284-BFE9-F553EDE632C7}.Release|Any CPU.Build.0 = Release|Any CPU
		{40D30691-C0CD-4001-A70C-A3F536B627BC}.Debug|Any CPU.ActiveCfg = Debug|Any CPU
		{40D30691-C0CD-4001-A70C-A3F536B627BC}.Debug|Any CPU.Build.0 = Debug|Any CPU
		{40D30691-C0CD-4001-A70C-A3F536B627BC}.Release|Any CPU.ActiveCfg = Release|Any CPU
		{40D30691-C0CD-4001-A70C-A3F536B627BC}.Release|Any CPU.Build.0 = Release|Any CPU
		{4DFA1300-C74F-4865-8E91-8330A9848DC9}.Debug|Any CPU.ActiveCfg = Debug|Any CPU
		{4DFA1300-C74F-4865-8E91-8330A9848DC9}.Debug|Any CPU.Build.0 = Debug|Any CPU
		{4DFA1300-C74F-4865-8E91-8330A9848DC9}.Release|Any CPU.ActiveCfg = Release|Any CPU
		{4DFA1300-C74F-4865-8E91-8330A9848DC9}.Release|Any CPU.Build.0 = Release|Any CPU
		{7726D23C-2314-4BC2-AE92-69E7FF723B30}.Debug|Any CPU.ActiveCfg = Debug|Any CPU
		{7726D23C-2314-4BC2-AE92-69E7FF723B30}.Debug|Any CPU.Build.0 = Debug|Any CPU
		{7726D23C-2314-4BC2-AE92-69E7FF723B30}.Release|Any CPU.ActiveCfg = Release|Any CPU
		{7726D23C-2314-4BC2-AE92-69E7FF723B30}.Release|Any CPU.Build.0 = Release|Any CPU
		{051FD139-A48B-41CC-AF8E-E31186DAE680}.Debug|Any CPU.ActiveCfg = Debug|Any CPU
		{051FD139-A48B-41CC-AF8E-E31186DAE680}.Debug|Any CPU.Build.0 = Debug|Any CPU
		{051FD139-A48B-41CC-AF8E-E31186DAE680}.Release|Any CPU.ActiveCfg = Release|Any CPU
		{051FD139-A48B-41CC-AF8E-E31186DAE680}.Release|Any CPU.Build.0 = Release|Any CPU
		{787DD0FA-CA05-4F27-9BC3-CE3E2DDFB8B1}.Debug|Any CPU.ActiveCfg = Debug|Any CPU
		{787DD0FA-CA05-4F27-9BC3-CE3E2DDFB8B1}.Debug|Any CPU.Build.0 = Debug|Any CPU
		{787DD0FA-CA05-4F27-9BC3-CE3E2DDFB8B1}.Release|Any CPU.ActiveCfg = Release|Any CPU
		{787DD0FA-CA05-4F27-9BC3-CE3E2DDFB8B1}.Release|Any CPU.Build.0 = Release|Any CPU
		{08443605-C6A6-429E-BFAE-518F7BE965BD}.Debug|Any CPU.ActiveCfg = Debug|Any CPU
		{08443605-C6A6-429E-BFAE-518F7BE965BD}.Debug|Any CPU.Build.0 = Debug|Any CPU
		{08443605-C6A6-429E-BFAE-518F7BE965BD}.Release|Any CPU.ActiveCfg = Release|Any CPU
		{08443605-C6A6-429E-BFAE-518F7BE965BD}.Release|Any CPU.Build.0 = Release|Any CPU
		{8CDAC369-A30C-4E43-AD8C-2A94DDC7817F}.Debug|Any CPU.ActiveCfg = Debug|Any CPU
		{8CDAC369-A30C-4E43-AD8C-2A94DDC7817F}.Debug|Any CPU.Build.0 = Debug|Any CPU
		{8CDAC369-A30C-4E43-AD8C-2A94DDC7817F}.Release|Any CPU.ActiveCfg = Release|Any CPU
		{8CDAC369-A30C-4E43-AD8C-2A94DDC7817F}.Release|Any CPU.Build.0 = Release|Any CPU
		{28667778-6DDB-4130-8F40-EF3BC6FCF044}.Debug|Any CPU.ActiveCfg = Debug|Any CPU
		{28667778-6DDB-4130-8F40-EF3BC6FCF044}.Debug|Any CPU.Build.0 = Debug|Any CPU
		{28667778-6DDB-4130-8F40-EF3BC6FCF044}.Release|Any CPU.ActiveCfg = Release|Any CPU
		{28667778-6DDB-4130-8F40-EF3BC6FCF044}.Release|Any CPU.Build.0 = Release|Any CPU
		{00036CE2-6894-4D37-B1F7-1486A1676D34}.Debug|Any CPU.ActiveCfg = Debug|Any CPU
		{00036CE2-6894-4D37-B1F7-1486A1676D34}.Debug|Any CPU.Build.0 = Debug|Any CPU
		{00036CE2-6894-4D37-B1F7-1486A1676D34}.Release|Any CPU.ActiveCfg = Release|Any CPU
		{00036CE2-6894-4D37-B1F7-1486A1676D34}.Release|Any CPU.Build.0 = Release|Any CPU
	EndGlobalSection
	GlobalSection(SolutionProperties) = preSolution
		HideSolutionNode = FALSE
	EndGlobalSection
	GlobalSection(ExtensibilityGlobals) = postSolution
		SolutionGuid = {99FA6422-B7C4-4775-B508-CB9BE5AB0109}
	EndGlobalSection
EndGlobal
